
Microsoft Visual Studio Solution File, Format Version 12.00
# Visual Studio 15
VisualStudioVersion = 15.0.28307.960
MinimumVisualStudioVersion = 10.0.40219.1
Project("{FAE04EC0-301F-11D3-BF4B-00C04F79EFBC}") = "MagicTrainingProject", "MagicTrainingProject.csproj", "{3E303087-886C-4C98-961F-EBBEA17554E9}"
EndProject


Project("{2150E333-8FDC-42A3-9474-1A3956D46DE8}") = "Solution Items", "Solution Items", "{0A5F0120-81B3-4D40-A63E-8BE07EE7A94A}"
	ProjectSection(SolutionItems) = preProject
		AdministrateClass.cs = AdministrateClass.cs
		AdministrateClass.Designer.cs = AdministrateClass.Designer.cs
		AdministrateClass.resx = AdministrateClass.resx
		DAL.cs = DAL.cs
		SQL.cs = SQL.cs

	EndProjectSection
EndProject
Global
	GlobalSection(SolutionConfigurationPlatforms) = preSolution
		Debug|Any CPU = Debug|Any CPU
		Release|Any CPU = Release|Any CPU
	EndGlobalSection
	GlobalSection(ProjectConfigurationPlatforms) = postSolution
		{3E303087-886C-4C98-961F-EBBEA17554E9}.Debug|Any CPU.ActiveCfg = Debug|Any CPU
		{3E303087-886C-4C98-961F-EBBEA17554E9}.Debug|Any CPU.Build.0 = Debug|Any CPU
		{3E303087-886C-4C98-961F-EBBEA17554E9}.Release|Any CPU.ActiveCfg = Release|Any CPU
		{3E303087-886C-4C98-961F-EBBEA17554E9}.Release|Any CPU.Build.0 = Release|Any CPU
	EndGlobalSection
	GlobalSection(SolutionProperties) = preSolution
		HideSolutionNode = FALSE
	EndGlobalSection
	GlobalSection(ExtensibilityGlobals) = postSolution
		SolutionGuid = {8154CDDD-4D30-48C4-8702-AB5103BA7036}
	EndGlobalSection
EndGlobal
